
Microsoft Visual Studio Solution File, Format Version 12.00
# Visual Studio 2013
VisualStudioVersion = 12.0.31101.0
MinimumVisualStudioVersion = 10.0.40219.1
Project("{FAE04EC0-301F-11D3-BF4B-00C04F79EFBC}") = "RiaPlus.WebUI", "RiaPlus.WebUI\RiaPlus.WebUI.csproj", "{F41B991D-C319-4A34-A857-C2DA90DC22D1}"
EndProject
Project("{FAE04EC0-301F-11D3-BF4B-00C04F79EFBC}") = "RiaPlus.Domain", "RiaPlus.Domain\RiaPlus.Domain.csproj", "{2AAC2389-A178-4060-9845-8C7772366AE6}"
EndProject
Project("{FAE04EC0-301F-11D3-BF4B-00C04F79EFBC}") = "RiaPlus.UnitTests", "RiaPlus.UnitTests\RiaPlus.UnitTests.csproj", "{9258B536-332B-4D87-BCB5-26ED37DBFD65}"
EndProject
Global
	GlobalSection(SolutionConfigurationPlatforms) = preSolution
		Debug|Any CPU = Debug|Any CPU
		Release|Any CPU = Release|Any CPU
	EndGlobalSection
	GlobalSection(ProjectConfigurationPlatforms) = postSolution
		{F41B991D-C319-4A34-A857-C2DA90DC22D1}.Debug|Any CPU.ActiveCfg = Debug|Any CPU
		{F41B991D-C319-4A34-A857-C2DA90DC22D1}.Debug|Any CPU.Build.0 = Debug|Any CPU
		{F41B991D-C319-4A34-A857-C2DA90DC22D1}.Release|Any CPU.ActiveCfg = Release|Any CPU
		{F41B991D-C319-4A34-A857-C2DA90DC22D1}.Release|Any CPU.Build.0 = Release|Any CPU
		{2AAC2389-A178-4060-9845-8C7772366AE6}.Debug|Any CPU.ActiveCfg = Debug|Any CPU
		{2AAC2389-A178-4060-9845-8C7772366AE6}.Debug|Any CPU.Build.0 = Debug|Any CPU
		{2AAC2389-A178-4060-9845-8C7772366AE6}.Release|Any CPU.ActiveCfg = Release|Any CPU
		{2AAC2389-A178-4060-9845-8C7772366AE6}.Release|Any CPU.Build.0 = Release|Any CPU
		{9258B536-332B-4D87-BCB5-26ED37DBFD65}.Debug|Any CPU.ActiveCfg = Debug|Any CPU
		{9258B536-332B-4D87-BCB5-26ED37DBFD65}.Debug|Any CPU.Build.0 = Debug|Any CPU
		{9258B536-332B-4D87-BCB5-26ED37DBFD65}.Release|Any CPU.ActiveCfg = Release|Any CPU
		{9258B536-332B-4D87-BCB5-26ED37DBFD65}.Release|Any CPU.Build.0 = Release|Any CPU
	EndGlobalSection
	GlobalSection(SolutionProperties) = preSolution
		HideSolutionNode = FALSE
	EndGlobalSection
EndGlobal
